
Microsoft Visual Studio Solution File, Format Version 12.00
# Visual Studio Version 17
VisualStudioVersion = 17.9.34728.123
MinimumVisualStudioVersion = 10.0.40219.1
Project("{FAE04EC0-301F-11D3-BF4B-00C04F79EFBC}") = "FitnessApp", "FitnessApp\FitnessApp.csproj", "{2ACB4331-8846-414E-87AE-87F939943FFF}"
EndProject
Project("{FAE04EC0-301F-11D3-BF4B-00C04F79EFBC}") = "Membership.ProAPI", "Membership.ProAPI\Membership.ProAPI.csproj", "{D4B25D20-9EC4-4632-A58A-2418A439E21C}"
EndProject
Global
	GlobalSection(SolutionConfigurationPlatforms) = preSolution
		Debug|Any CPU = Debug|Any CPU
		Release|Any CPU = Release|Any CPU
	EndGlobalSection
	GlobalSection(ProjectConfigurationPlatforms) = postSolution
		{2ACB4331-8846-414E-87AE-87F939943FFF}.Debug|Any CPU.ActiveCfg = Debug|Any CPU
		{2ACB4331-8846-414E-87AE-87F939943FFF}.Debug|Any CPU.Build.0 = Debug|Any CPU
		{2ACB4331-8846-414E-87AE-87F939943FFF}.Release|Any CPU.ActiveCfg = Release|Any CPU
		{2ACB4331-8846-414E-87AE-87F939943FFF}.Release|Any CPU.Build.0 = Release|Any CPU
		{D4B25D20-9EC4-4632-A58A-2418A439E21C}.Debug|Any CPU.ActiveCfg = Debug|Any CPU
		{D4B25D20-9EC4-4632-A58A-2418A439E21C}.Debug|Any CPU.Build.0 = Debug|Any CPU
		{D4B25D20-9EC4-4632-A58A-2418A439E21C}.Release|Any CPU.ActiveCfg = Release|Any CPU
		{D4B25D20-9EC4-4632-A58A-2418A439E21C}.Release|Any CPU.Build.0 = Release|Any CPU
	EndGlobalSection
	GlobalSection(SolutionProperties) = preSolution
		HideSolutionNode = FALSE
	EndGlobalSection
	GlobalSection(ExtensibilityGlobals) = postSolution
		SolutionGuid = {C5108864-7497-450D-90CB-0A32C4446D73}
	EndGlobalSection
EndGlobal
